
Microsoft Visual Studio Solution File, Format Version 12.00
# Visual Studio 15
VisualStudioVersion = 15.0.27703.2000
MinimumVisualStudioVersion = 10.0.40219.1
Project("{FAE04EC0-301F-11D3-BF4B-00C04F79EFBC}") = "WzorceProjektowe", "WzorceProjektowe\WzorceProjektowe.csproj", "{02E7BF77-C32D-41DE-B6F9-45E3E7408770}"
EndProject
Project("{FAE04EC0-301F-11D3-BF4B-00C04F79EFBC}") = "WzorceProjektoweTests", "WzorceProjektoweTests\WzorceProjektoweTests.csproj", "{563F5F29-2B9C-4ADC-9E3B-30356E15EF12}"
EndProject
Global
	GlobalSection(SolutionConfigurationPlatforms) = preSolution
		Debug|Any CPU = Debug|Any CPU
		Release|Any CPU = Release|Any CPU
	EndGlobalSection
	GlobalSection(ProjectConfigurationPlatforms) = postSolution
		{02E7BF77-C32D-41DE-B6F9-45E3E7408770}.Debug|Any CPU.ActiveCfg = Debug|Any CPU
		{02E7BF77-C32D-41DE-B6F9-45E3E7408770}.Debug|Any CPU.Build.0 = Debug|Any CPU
		{02E7BF77-C32D-41DE-B6F9-45E3E7408770}.Release|Any CPU.ActiveCfg = Release|Any CPU
		{02E7BF77-C32D-41DE-B6F9-45E3E7408770}.Release|Any CPU.Build.0 = Release|Any CPU
		{563F5F29-2B9C-4ADC-9E3B-30356E15EF12}.Debug|Any CPU.ActiveCfg = Debug|Any CPU
		{563F5F29-2B9C-4ADC-9E3B-30356E15EF12}.Debug|Any CPU.Build.0 = Debug|Any CPU
		{563F5F29-2B9C-4ADC-9E3B-30356E15EF12}.Release|Any CPU.ActiveCfg = Release|Any CPU
		{563F5F29-2B9C-4ADC-9E3B-30356E15EF12}.Release|Any CPU.Build.0 = Release|Any CPU
	EndGlobalSection
	GlobalSection(SolutionProperties) = preSolution
		HideSolutionNode = FALSE
	EndGlobalSection
	GlobalSection(ExtensibilityGlobals) = postSolution
		SolutionGuid = {A206401F-DB76-4D2B-BFBB-2623D47CF73C}
	EndGlobalSection
EndGlobal
